// !$*UTF8*$!
{
	archiveVersion = 1;
	classes = {
	};
	objectVersion = 46;
	objects = {

/* Begin PBXBuildFile section */
		185827281B8170CA00700907 /* IWNavBar.m in Sources */ = {isa = PBXBuildFile; fileRef = 185827271B8170CA00700907 /* IWNavBar.m */; };
		1858272E1B818DA600700907 /* UIBarButtonItem+Extension.m in Sources */ = {isa = PBXBuildFile; fileRef = 1858272D1B818DA600700907 /* UIBarButtonItem+Extension.m */; };
		185827311B81926000700907 /* TitleButton.m in Sources */ = {isa = PBXBuildFile; fileRef = 185827301B81926000700907 /* TitleButton.m */; };
		186854671B8C1114009C9FEB /* WeiBoImg.m in Sources */ = {isa = PBXBuildFile; fileRef = 186854661B8C1114009C9FEB /* WeiBoImg.m */; };
		1868546A1B8DB59F009C9FEB /* WeiBoCell.m in Sources */ = {isa = PBXBuildFile; fileRef = 186854691B8DB59F009C9FEB /* WeiBoCell.m */; };
		1868546D1B8DBA03009C9FEB /* WeiBoFrame.m in Sources */ = {isa = PBXBuildFile; fileRef = 1868546C1B8DBA03009C9FEB /* WeiBoFrame.m */; };
		186854701B9043B7009C9FEB /* NSDate+Extension.m in Sources */ = {isa = PBXBuildFile; fileRef = 1868546F1B9043B7009C9FEB /* NSDate+Extension.m */; };
		186854731B945512009C9FEB /* WeiBoTopView.m in Sources */ = {isa = PBXBuildFile; fileRef = 186854721B945512009C9FEB /* WeiBoTopView.m */; };
		186854761B945521009C9FEB /* WeiBoToolBar.m in Sources */ = {isa = PBXBuildFile; fileRef = 186854751B945521009C9FEB /* WeiBoToolBar.m */; };
		1868547A1B9456C9009C9FEB /* WeiBoRepostView.m in Sources */ = {isa = PBXBuildFile; fileRef = 186854791B9456C9009C9FEB /* WeiBoRepostView.m */; };
		1868547D1B9456E6009C9FEB /* WeiBoOriginalView.m in Sources */ = {isa = PBXBuildFile; fileRef = 1868547C1B9456E6009C9FEB /* WeiBoOriginalView.m */; };
		18AC21FF1B7B2CC70017B279 /* main.m in Sources */ = {isa = PBXBuildFile; fileRef = 18AC21FE1B7B2CC70017B279 /* main.m */; };
		18AC22021B7B2CC70017B279 /* AppDelegate.m in Sources */ = {isa = PBXBuildFile; fileRef = 18AC22011B7B2CC70017B279 /* AppDelegate.m */; };
		18AC220A1B7B2CC70017B279 /* Images.xcassets in Resources */ = {isa = PBXBuildFile; fileRef = 18AC22091B7B2CC70017B279 /* Images.xcassets */; };
		18AC220D1B7B2CC70017B279 /* LaunchScreen.xib in Resources */ = {isa = PBXBuildFile; fileRef = 18AC220B1B7B2CC70017B279 /* LaunchScreen.xib */; };
		18AC22191B7B2CC70017B279 /* ____Tests.m in Sources */ = {isa = PBXBuildFile; fileRef = 18AC22181B7B2CC70017B279 /* ____Tests.m */; };
		18AC228D1B7C483D0017B279 /* MainTabbarControl.m in Sources */ = {isa = PBXBuildFile; fileRef = 18AC228C1B7C483D0017B279 /* MainTabbarControl.m */; };
		18AC22941B7C7CEE0017B279 /* MsgTableViewController.m in Sources */ = {isa = PBXBuildFile; fileRef = 18AC22931B7C7CEE0017B279 /* MsgTableViewController.m */; };
		18AC22971B7C7D110017B279 /* ZoneTableViewController.m in Sources */ = {isa = PBXBuildFile; fileRef = 18AC22961B7C7D110017B279 /* ZoneTableViewController.m */; };
		18AC229A1B7C7D1C0017B279 /* SettingTableViewController.m in Sources */ = {isa = PBXBuildFile; fileRef = 18AC22991B7C7D1C0017B279 /* SettingTableViewController.m */; };
		18AC229D1B7C7D480017B279 /* HomeTableViewController.m in Sources */ = {isa = PBXBuildFile; fileRef = 18AC229C1B7C7D480017B279 /* HomeTableViewController.m */; };
		18AC22B41B7C86840017B279 /* IWTabBar.m in Sources */ = {isa = PBXBuildFile; fileRef = 18AC22B31B7C86840017B279 /* IWTabBar.m */; };
		18AC22B81B7C8C970017B279 /* UIView+Extension.m in Sources */ = {isa = PBXBuildFile; fileRef = 18AC22B71B7C8C970017B279 /* UIView+Extension.m */; };
		18AC22BC1B7C96890017B279 /* IWTabBarButton.m in Sources */ = {isa = PBXBuildFile; fileRef = 18AC22BB1B7C96890017B279 /* IWTabBarButton.m */; };
		18AE60191B81CBD400373E96 /* UIImage+Extension.m in Sources */ = {isa = PBXBuildFile; fileRef = 18AE60181B81CBD400373E96 /* UIImage+Extension.m */; };
		18AE601C1B81D3C100373E96 /* PopView.m in Sources */ = {isa = PBXBuildFile; fileRef = 18AE601B1B81D3C100373E96 /* PopView.m */; };
		18AE60A21B83133A00373E96 /* NewFeaturesVC.m in Sources */ = {isa = PBXBuildFile; fileRef = 18AE60A11B83133A00373E96 /* NewFeaturesVC.m */; };
		18CBDADC1B847A4A00687CAC /* OAuthVC.m in Sources */ = {isa = PBXBuildFile; fileRef = 18CBDADB1B847A4A00687CAC /* OAuthVC.m */; };
		18CBDAE91B84807900687CAC /* MBProgressHUD+NJ.m in Sources */ = {isa = PBXBuildFile; fileRef = 18CBDAE51B84807900687CAC /* MBProgressHUD+NJ.m */; };
		18CBDAEA1B84807900687CAC /* MBProgressHUD.bundle in Resources */ = {isa = PBXBuildFile; fileRef = 18CBDAE61B84807900687CAC /* MBProgressHUD.bundle */; };
		18CBDAEB1B84807900687CAC /* MBProgressHUD.m in Sources */ = {isa = PBXBuildFile; fileRef = 18CBDAE81B84807900687CAC /* MBProgressHUD.m */; };
		18CBDB0A1B848A4D00687CAC /* Security.framework in Frameworks */ = {isa = PBXBuildFile; fileRef = 18CBDB091B848A4D00687CAC /* Security.framework */; };
		18CBDB0E1B86C87B00687CAC /* OAuthData.m in Sources */ = {isa = PBXBuildFile; fileRef = 18CBDB0D1B86C87B00687CAC /* OAuthData.m */; };
		18CBDB121B86D70C00687CAC /* Tools.m in Sources */ = {isa = PBXBuildFile; fileRef = 18CBDB111B86D70C00687CAC /* Tools.m */; };
		18CBDB161B8705AA00687CAC /* NSArray+Log.m in Sources */ = {isa = PBXBuildFile; fileRef = 18CBDB151B8705AA00687CAC /* NSArray+Log.m */; };
		18CBDB1A1B8AAF0400687CAC /* WeiBoData.m in Sources */ = {isa = PBXBuildFile; fileRef = 18CBDB191B8AAF0400687CAC /* WeiBoData.m */; };
		18CBDB1D1B8AF92900687CAC /* user.m in Sources */ = {isa = PBXBuildFile; fileRef = 18CBDB1C1B8AF92900687CAC /* user.m */; };
		7C236EB03B8942112F9CA042 /* libPods.a in Frameworks */ = {isa = PBXBuildFile; fileRef = D237DBE1BE8425A4CE22220D /* libPods.a */; };
/* End PBXBuildFile section */

/* Begin PBXContainerItemProxy section */
		18AC22131B7B2CC70017B279 /* PBXContainerItemProxy */ = {
			isa = PBXContainerItemProxy;
			containerPortal = 18AC21F11B7B2CC70017B279 /* Project object */;
			proxyType = 1;
			remoteGlobalIDString = 18AC21F81B7B2CC70017B279;
			remoteInfo = "新浪微博";
		};
/* End PBXContainerItemProxy section */

/* Begin PBXFileReference section */
		185827261B8170CA00700907 /* IWNavBar.h */ = {isa = PBXFileReference; fileEncoding = 4; lastKnownFileType = sourcecode.c.h; path = IWNavBar.h; sourceTree = "<group>"; };
		185827271B8170CA00700907 /* IWNavBar.m */ = {isa = PBXFileReference; fileEncoding = 4; lastKnownFileType = sourcecode.c.objc; path = IWNavBar.m; sourceTree = "<group>"; };
		1858272C1B818DA600700907 /* UIBarButtonItem+Extension.h */ = {isa = PBXFileReference; fileEncoding = 4; lastKnownFileType = sourcecode.c.h; path = "UIBarButtonItem+Extension.h"; sourceTree = "<group>"; };
		1858272D1B818DA600700907 /* UIBarButtonItem+Extension.m */ = {isa = PBXFileReference; fileEncoding = 4; lastKnownFileType = sourcecode.c.objc; path = "UIBarButtonItem+Extension.m"; sourceTree = "<group>"; };
		1858272F1B81926000700907 /* TitleButton.h */ = {isa = PBXFileReference; fileEncoding = 4; lastKnownFileType = sourcecode.c.h; path = TitleButton.h; sourceTree = "<group>"; };
		185827301B81926000700907 /* TitleButton.m */ = {isa = PBXFileReference; fileEncoding = 4; lastKnownFileType = sourcecode.c.objc; path = TitleButton.m; sourceTree = "<group>"; };
		186854651B8C1114009C9FEB /* WeiBoImg.h */ = {isa = PBXFileReference; fileEncoding = 4; lastKnownFileType = sourcecode.c.h; path = WeiBoImg.h; sourceTree = "<group>"; };
		186854661B8C1114009C9FEB /* WeiBoImg.m */ = {isa = PBXFileReference; fileEncoding = 4; lastKnownFileType = sourcecode.c.objc; path = WeiBoImg.m; sourceTree = "<group>"; };
		186854681B8DB59F009C9FEB /* WeiBoCell.h */ = {isa = PBXFileReference; fileEncoding = 4; lastKnownFileType = sourcecode.c.h; path = WeiBoCell.h; sourceTree = "<group>"; };
		186854691B8DB59F009C9FEB /* WeiBoCell.m */ = {isa = PBXFileReference; fileEncoding = 4; lastKnownFileType = sourcecode.c.objc; path = WeiBoCell.m; sourceTree = "<group>"; };
		1868546B1B8DBA03009C9FEB /* WeiBoFrame.h */ = {isa = PBXFileReference; fileEncoding = 4; lastKnownFileType = sourcecode.c.h; path = WeiBoFrame.h; sourceTree = "<group>"; };
		1868546C1B8DBA03009C9FEB /* WeiBoFrame.m */ = {isa = PBXFileReference; fileEncoding = 4; lastKnownFileType = sourcecode.c.objc; path = WeiBoFrame.m; sourceTree = "<group>"; };
		1868546E1B9043B7009C9FEB /* NSDate+Extension.h */ = {isa = PBXFileReference; fileEncoding = 4; lastKnownFileType = sourcecode.c.h; path = "NSDate+Extension.h"; sourceTree = "<group>"; };
		1868546F1B9043B7009C9FEB /* NSDate+Extension.m */ = {isa = PBXFileReference; fileEncoding = 4; lastKnownFileType = sourcecode.c.objc; path = "NSDate+Extension.m"; sourceTree = "<group>"; };
		186854711B945512009C9FEB /* WeiBoTopView.h */ = {isa = PBXFileReference; fileEncoding = 4; lastKnownFileType = sourcecode.c.h; path = WeiBoTopView.h; sourceTree = "<group>"; };
		186854721B945512009C9FEB /* WeiBoTopView.m */ = {isa = PBXFileReference; fileEncoding = 4; lastKnownFileType = sourcecode.c.objc; path = WeiBoTopView.m; sourceTree = "<group>"; };
		186854741B945521009C9FEB /* WeiBoToolBar.h */ = {isa = PBXFileReference; fileEncoding = 4; lastKnownFileType = sourcecode.c.h; path = WeiBoToolBar.h; sourceTree = "<group>"; };
		186854751B945521009C9FEB /* WeiBoToolBar.m */ = {isa = PBXFileReference; fileEncoding = 4; lastKnownFileType = sourcecode.c.objc; path = WeiBoToolBar.m; sourceTree = "<group>"; };
		186854781B9456C9009C9FEB /* WeiBoRepostView.h */ = {isa = PBXFileReference; fileEncoding = 4; lastKnownFileType = sourcecode.c.h; path = WeiBoRepostView.h; sourceTree = "<group>"; };
		186854791B9456C9009C9FEB /* WeiBoRepostView.m */ = {isa = PBXFileReference; fileEncoding = 4; lastKnownFileType = sourcecode.c.objc; path = WeiBoRepostView.m; sourceTree = "<group>"; };
		1868547B1B9456E6009C9FEB /* WeiBoOriginalView.h */ = {isa = PBXFileReference; fileEncoding = 4; lastKnownFileType = sourcecode.c.h; path = WeiBoOriginalView.h; sourceTree = "<group>"; };
		1868547C1B9456E6009C9FEB /* WeiBoOriginalView.m */ = {isa = PBXFileReference; fileEncoding = 4; lastKnownFileType = sourcecode.c.objc; path = WeiBoOriginalView.m; sourceTree = "<group>"; };
		18AC21F91B7B2CC70017B279 /* 新浪微博.app */ = {isa = PBXFileReference; explicitFileType = wrapper.application; includeInIndex = 0; path = "新浪微博.app"; sourceTree = BUILT_PRODUCTS_DIR; };
		18AC21FD1B7B2CC70017B279 /* Info.plist */ = {isa = PBXFileReference; lastKnownFileType = text.plist.xml; path = Info.plist; sourceTree = "<group>"; };
		18AC21FE1B7B2CC70017B279 /* main.m */ = {isa = PBXFileReference; lastKnownFileType = sourcecode.c.objc; path = main.m; sourceTree = "<group>"; };
		18AC22001B7B2CC70017B279 /* AppDelegate.h */ = {isa = PBXFileReference; lastKnownFileType = sourcecode.c.h; path = AppDelegate.h; sourceTree = "<group>"; };
		18AC22011B7B2CC70017B279 /* AppDelegate.m */ = {isa = PBXFileReference; lastKnownFileType = sourcecode.c.objc; path = AppDelegate.m; sourceTree = "<group>"; };
		18AC22091B7B2CC70017B279 /* Images.xcassets */ = {isa = PBXFileReference; lastKnownFileType = folder.assetcatalog; path = Images.xcassets; sourceTree = "<group>"; };
		18AC220C1B7B2CC70017B279 /* Base */ = {isa = PBXFileReference; lastKnownFileType = file.xib; name = Base; path = Base.lproj/LaunchScreen.xib; sourceTree = "<group>"; };
		18AC22121B7B2CC70017B279 /* 新浪微博Tests.xctest */ = {isa = PBXFileReference; explicitFileType = wrapper.cfbundle; includeInIndex = 0; path = "新浪微博Tests.xctest"; sourceTree = BUILT_PRODUCTS_DIR; };
		18AC22171B7B2CC70017B279 /* Info.plist */ = {isa = PBXFileReference; lastKnownFileType = text.plist.xml; path = Info.plist; sourceTree = "<group>"; };
		18AC22181B7B2CC70017B279 /* ____Tests.m */ = {isa = PBXFileReference; lastKnownFileType = sourcecode.c.objc; path = "____Tests.m"; sourceTree = "<group>"; };
		18AC228B1B7C483D0017B279 /* MainTabbarControl.h */ = {isa = PBXFileReference; fileEncoding = 4; lastKnownFileType = sourcecode.c.h; path = MainTabbarControl.h; sourceTree = "<group>"; };
		18AC228C1B7C483D0017B279 /* MainTabbarControl.m */ = {isa = PBXFileReference; fileEncoding = 4; lastKnownFileType = sourcecode.c.objc; path = MainTabbarControl.m; sourceTree = "<group>"; };
		18AC22901B7C787B0017B279 /* Prefix.pch */ = {isa = PBXFileReference; lastKnownFileType = sourcecode.c.h; path = Prefix.pch; sourceTree = "<group>"; };
		18AC22921B7C7CEE0017B279 /* MsgTableViewController.h */ = {isa = PBXFileReference; fileEncoding = 4; lastKnownFileType = sourcecode.c.h; path = MsgTableViewController.h; sourceTree = "<group>"; };
		18AC22931B7C7CEE0017B279 /* MsgTableViewController.m */ = {isa = PBXFileReference; fileEncoding = 4; lastKnownFileType = sourcecode.c.objc; path = MsgTableViewController.m; sourceTree = "<group>"; };
		18AC22951B7C7D110017B279 /* ZoneTableViewController.h */ = {isa = PBXFileReference; fileEncoding = 4; lastKnownFileType = sourcecode.c.h; path = ZoneTableViewController.h; sourceTree = "<group>"; };
		18AC22961B7C7D110017B279 /* ZoneTableViewController.m */ = {isa = PBXFileReference; fileEncoding = 4; lastKnownFileType = sourcecode.c.objc; path = ZoneTableViewController.m; sourceTree = "<group>"; };
		18AC22981B7C7D1C0017B279 /* SettingTableViewController.h */ = {isa = PBXFileReference; fileEncoding = 4; lastKnownFileType = sourcecode.c.h; path = SettingTableViewController.h; sourceTree = "<group>"; };
		18AC22991B7C7D1C0017B279 /* SettingTableViewController.m */ = {isa = PBXFileReference; fileEncoding = 4; lastKnownFileType = sourcecode.c.objc; path = SettingTableViewController.m; sourceTree = "<group>"; };
		18AC229B1B7C7D480017B279 /* HomeTableViewController.h */ = {isa = PBXFileReference; fileEncoding = 4; lastKnownFileType = sourcecode.c.h; path = HomeTableViewController.h; sourceTree = "<group>"; };
		18AC229C1B7C7D480017B279 /* HomeTableViewController.m */ = {isa = PBXFileReference; fileEncoding = 4; lastKnownFileType = sourcecode.c.objc; path = HomeTableViewController.m; sourceTree = "<group>"; };
		18AC22B21B7C86840017B279 /* IWTabBar.h */ = {isa = PBXFileReference; fileEncoding = 4; lastKnownFileType = sourcecode.c.h; path = IWTabBar.h; sourceTree = "<group>"; };
		18AC22B31B7C86840017B279 /* IWTabBar.m */ = {isa = PBXFileReference; fileEncoding = 4; lastKnownFileType = sourcecode.c.objc; path = IWTabBar.m; sourceTree = "<group>"; };
		18AC22B61B7C8C970017B279 /* UIView+Extension.h */ = {isa = PBXFileReference; fileEncoding = 4; lastKnownFileType = sourcecode.c.h; path = "UIView+Extension.h"; sourceTree = "<group>"; };
		18AC22B71B7C8C970017B279 /* UIView+Extension.m */ = {isa = PBXFileReference; fileEncoding = 4; lastKnownFileType = sourcecode.c.objc; path = "UIView+Extension.m"; sourceTree = "<group>"; };
		18AC22BA1B7C96890017B279 /* IWTabBarButton.h */ = {isa = PBXFileReference; fileEncoding = 4; lastKnownFileType = sourcecode.c.h; path = IWTabBarButton.h; sourceTree = "<group>"; };
		18AC22BB1B7C96890017B279 /* IWTabBarButton.m */ = {isa = PBXFileReference; fileEncoding = 4; lastKnownFileType = sourcecode.c.objc; path = IWTabBarButton.m; sourceTree = "<group>"; };
		18AE60171B81CBD400373E96 /* UIImage+Extension.h */ = {isa = PBXFileReference; fileEncoding = 4; lastKnownFileType = sourcecode.c.h; path = "UIImage+Extension.h"; sourceTree = "<group>"; };
		18AE60181B81CBD400373E96 /* UIImage+Extension.m */ = {isa = PBXFileReference; fileEncoding = 4; lastKnownFileType = sourcecode.c.objc; path = "UIImage+Extension.m"; sourceTree = "<group>"; };
		18AE601A1B81D3C100373E96 /* PopView.h */ = {isa = PBXFileReference; fileEncoding = 4; lastKnownFileType = sourcecode.c.h; path = PopView.h; sourceTree = "<group>"; };
		18AE601B1B81D3C100373E96 /* PopView.m */ = {isa = PBXFileReference; fileEncoding = 4; lastKnownFileType = sourcecode.c.objc; path = PopView.m; sourceTree = "<group>"; };
		18AE60A01B83133A00373E96 /* NewFeaturesVC.h */ = {isa = PBXFileReference; fileEncoding = 4; lastKnownFileType = sourcecode.c.h; path = NewFeaturesVC.h; sourceTree = "<group>"; };
		18AE60A11B83133A00373E96 /* NewFeaturesVC.m */ = {isa = PBXFileReference; fileEncoding = 4; lastKnownFileType = sourcecode.c.objc; path = NewFeaturesVC.m; sourceTree = "<group>"; };
		18CBDADA1B847A4A00687CAC /* OAuthVC.h */ = {isa = PBXFileReference; fileEncoding = 4; lastKnownFileType = sourcecode.c.h; path = OAuthVC.h; sourceTree = "<group>"; };
		18CBDADB1B847A4A00687CAC /* OAuthVC.m */ = {isa = PBXFileReference; fileEncoding = 4; lastKnownFileType = sourcecode.c.objc; path = OAuthVC.m; sourceTree = "<group>"; };
		18CBDAE41B84807900687CAC /* MBProgressHUD+NJ.h */ = {isa = PBXFileReference; fileEncoding = 4; lastKnownFileType = sourcecode.c.h; path = "MBProgressHUD+NJ.h"; sourceTree = "<group>"; };
		18CBDAE51B84807900687CAC /* MBProgressHUD+NJ.m */ = {isa = PBXFileReference; fileEncoding = 4; lastKnownFileType = sourcecode.c.objc; path = "MBProgressHUD+NJ.m"; sourceTree = "<group>"; };
		18CBDAE61B84807900687CAC /* MBProgressHUD.bundle */ = {isa = PBXFileReference; lastKnownFileType = "wrapper.plug-in"; path = MBProgressHUD.bundle; sourceTree = "<group>"; };
		18CBDAE71B84807900687CAC /* MBProgressHUD.h */ = {isa = PBXFileReference; fileEncoding = 4; lastKnownFileType = sourcecode.c.h; path = MBProgressHUD.h; sourceTree = "<group>"; };
		18CBDAE81B84807900687CAC /* MBProgressHUD.m */ = {isa = PBXFileReference; fileEncoding = 4; lastKnownFileType = sourcecode.c.objc; path = MBProgressHUD.m; sourceTree = "<group>"; };
		18CBDB091B848A4D00687CAC /* Security.framework */ = {isa = PBXFileReference; lastKnownFileType = wrapper.framework; name = Security.framework; path = System/Library/Frameworks/Security.framework; sourceTree = SDKROOT; };
		18CBDB0C1B86C87B00687CAC /* OAuthData.h */ = {isa = PBXFileReference; fileEncoding = 4; lastKnownFileType = sourcecode.c.h; path = OAuthData.h; sourceTree = "<group>"; };
		18CBDB0D1B86C87B00687CAC /* OAuthData.m */ = {isa = PBXFileReference; fileEncoding = 4; lastKnownFileType = sourcecode.c.objc; path = OAuthData.m; sourceTree = "<group>"; };
		18CBDB101B86D70C00687CAC /* Tools.h */ = {isa = PBXFileReference; fileEncoding = 4; lastKnownFileType = sourcecode.c.h; path = Tools.h; sourceTree = "<group>"; };
		18CBDB111B86D70C00687CAC /* Tools.m */ = {isa = PBXFileReference; fileEncoding = 4; lastKnownFileType = sourcecode.c.objc; path = Tools.m; sourceTree = "<group>"; };
		18CBDB141B8705AA00687CAC /* NSArray+Log.h */ = {isa = PBXFileReference; fileEncoding = 4; lastKnownFileType = sourcecode.c.h; path = "NSArray+Log.h"; sourceTree = "<group>"; };
		18CBDB151B8705AA00687CAC /* NSArray+Log.m */ = {isa = PBXFileReference; fileEncoding = 4; lastKnownFileType = sourcecode.c.objc; path = "NSArray+Log.m"; sourceTree = "<group>"; };
		18CBDB181B8AAF0400687CAC /* WeiBoData.h */ = {isa = PBXFileReference; fileEncoding = 4; lastKnownFileType = sourcecode.c.h; path = WeiBoData.h; sourceTree = "<group>"; };
		18CBDB191B8AAF0400687CAC /* WeiBoData.m */ = {isa = PBXFileReference; fileEncoding = 4; lastKnownFileType = sourcecode.c.objc; path = WeiBoData.m; sourceTree = "<group>"; };
		18CBDB1B1B8AF92900687CAC /* user.h */ = {isa = PBXFileReference; fileEncoding = 4; lastKnownFileType = sourcecode.c.h; path = user.h; sourceTree = "<group>"; };
		18CBDB1C1B8AF92900687CAC /* user.m */ = {isa = PBXFileReference; fileEncoding = 4; lastKnownFileType = sourcecode.c.objc; path = user.m; sourceTree = "<group>"; };
		30D2727C3A725AB282A44292 /* Pods.debug.xcconfig */ = {isa = PBXFileReference; includeInIndex = 1; lastKnownFileType = text.xcconfig; name = Pods.debug.xcconfig; path = "Pods/Target Support Files/Pods/Pods.debug.xcconfig"; sourceTree = "<group>"; };
		7027FE3C8831843BBA8E2BC8 /* Pods.release.xcconfig */ = {isa = PBXFileReference; includeInIndex = 1; lastKnownFileType = text.xcconfig; name = Pods.release.xcconfig; path = "Pods/Target Support Files/Pods/Pods.release.xcconfig"; sourceTree = "<group>"; };
		D237DBE1BE8425A4CE22220D /* libPods.a */ = {isa = PBXFileReference; explicitFileType = archive.ar; includeInIndex = 0; path = libPods.a; sourceTree = BUILT_PRODUCTS_DIR; };
/* End PBXFileReference section */

/* Begin PBXFrameworksBuildPhase section */
		18AC21F61B7B2CC70017B279 /* Frameworks */ = {
			isa = PBXFrameworksBuildPhase;
			buildActionMask = 2147483647;
			files = (
				18CBDB0A1B848A4D00687CAC /* Security.framework in Frameworks */,
				7C236EB03B8942112F9CA042 /* libPods.a in Frameworks */,
			);
			runOnlyForDeploymentPostprocessing = 0;
		};
		18AC220F1B7B2CC70017B279 /* Frameworks */ = {
			isa = PBXFrameworksBuildPhase;
			buildActionMask = 2147483647;
			files = (
			);
			runOnlyForDeploymentPostprocessing = 0;
		};
/* End PBXFrameworksBuildPhase section */

/* Begin PBXGroup section */
		11ED903DBA59F52565DCD563 /* Pods */ = {
			isa = PBXGroup;
			children = (
				30D2727C3A725AB282A44292 /* Pods.debug.xcconfig */,
				7027FE3C8831843BBA8E2BC8 /* Pods.release.xcconfig */,
			);
			name = Pods;
			sourceTree = "<group>";
		};
		18AC21F01B7B2CC70017B279 = {
			isa = PBXGroup;
			children = (
				18AC21FB1B7B2CC70017B279 /* 新浪微博 */,
				18AC22151B7B2CC70017B279 /* 新浪微博Tests */,
				18AC21FA1B7B2CC70017B279 /* Products */,
				11ED903DBA59F52565DCD563 /* Pods */,
				921A18E446A8FC2644A84727 /* Frameworks */,
			);
			sourceTree = "<group>";
		};
		18AC21FA1B7B2CC70017B279 /* Products */ = {
			isa = PBXGroup;
			children = (
				18AC21F91B7B2CC70017B279 /* 新浪微博.app */,
				18AC22121B7B2CC70017B279 /* 新浪微博Tests.xctest */,
			);
			name = Products;
			sourceTree = "<group>";
		};
		18AC21FB1B7B2CC70017B279 /* 新浪微博 */ = {
			isa = PBXGroup;
			children = (
				18CBDAE21B847F9F00687CAC /* Lib */,
				18AC22A41B7C7EB50017B279 /* Model */,
				18AC22A31B7C7EB00017B279 /* View */,
				18AC228F1B7C485D0017B279 /* Control */,
				18AC22001B7B2CC70017B279 /* AppDelegate.h */,
				18AC22011B7B2CC70017B279 /* AppDelegate.m */,
				18AC22091B7B2CC70017B279 /* Images.xcassets */,
				18AC220B1B7B2CC70017B279 /* LaunchScreen.xib */,
				18AC21FC1B7B2CC70017B279 /* Supporting Files */,
			);
			path = "新浪微博";
			sourceTree = "<group>";
		};
		18AC21FC1B7B2CC70017B279 /* Supporting Files */ = {
			isa = PBXGroup;
			children = (
				18AC21FD1B7B2CC70017B279 /* Info.plist */,
				18AC21FE1B7B2CC70017B279 /* main.m */,
				18AC22901B7C787B0017B279 /* Prefix.pch */,
			);
			name = "Supporting Files";
			sourceTree = "<group>";
		};
		18AC22151B7B2CC70017B279 /* 新浪微博Tests */ = {
			isa = PBXGroup;
			children = (
				18AC22181B7B2CC70017B279 /* ____Tests.m */,
				18AC22161B7B2CC70017B279 /* Supporting Files */,
			);
			path = "新浪微博Tests";
			sourceTree = "<group>";
		};
		18AC22161B7B2CC70017B279 /* Supporting Files */ = {
			isa = PBXGroup;
			children = (
				18AC22171B7B2CC70017B279 /* Info.plist */,
			);
			name = "Supporting Files";
			sourceTree = "<group>";
		};
		18AC228F1B7C485D0017B279 /* Control */ = {
			isa = PBXGroup;
			children = (
				18AE609F1B8312B600373E96 /* NewFeatures */,
				18AC22A21B7C7E850017B279 /* MainTab */,
				18AC22A11B7C7E5D0017B279 /* Setting */,
				18AC22A01B7C7E580017B279 /* Zone */,
				18AC229F1B7C7E510017B279 /* Msg */,
				18AC229E1B7C7E4C0017B279 /* Home */,
				18CBDADD1B847A5100687CAC /* OAuth */,
			);
			name = Control;
			sourceTree = "<group>";
		};
		18AC229E1B7C7E4C0017B279 /* Home */ = {
			isa = PBXGroup;
			children = (
				18AC229B1B7C7D480017B279 /* HomeTableViewController.h */,
				18AC229C1B7C7D480017B279 /* HomeTableViewController.m */,
			);
			name = Home;
			sourceTree = "<group>";
		};
		18AC229F1B7C7E510017B279 /* Msg */ = {
			isa = PBXGroup;
			children = (
				18AC22921B7C7CEE0017B279 /* MsgTableViewController.h */,
				18AC22931B7C7CEE0017B279 /* MsgTableViewController.m */,
			);
			name = Msg;
			sourceTree = "<group>";
		};
		18AC22A01B7C7E580017B279 /* Zone */ = {
			isa = PBXGroup;
			children = (
				18AC22951B7C7D110017B279 /* ZoneTableViewController.h */,
				18AC22961B7C7D110017B279 /* ZoneTableViewController.m */,
			);
			name = Zone;
			sourceTree = "<group>";
		};
		18AC22A11B7C7E5D0017B279 /* Setting */ = {
			isa = PBXGroup;
			children = (
				18AC22981B7C7D1C0017B279 /* SettingTableViewController.h */,
				18AC22991B7C7D1C0017B279 /* SettingTableViewController.m */,
			);
			name = Setting;
			sourceTree = "<group>";
		};
		18AC22A21B7C7E850017B279 /* MainTab */ = {
			isa = PBXGroup;
			children = (
				18AC228B1B7C483D0017B279 /* MainTabbarControl.h */,
				18AC228C1B7C483D0017B279 /* MainTabbarControl.m */,
			);
			name = MainTab;
			sourceTree = "<group>";
		};
		18AC22A31B7C7EB00017B279 /* View */ = {
			isa = PBXGroup;
			children = (
				18AC22AD1B7C7F050017B279 /* MainTab */,
				18AC22A81B7C7ECC0017B279 /* Setting */,
				18AC22A71B7C7EC70017B279 /* Zone */,
				18AC22A61B7C7EC10017B279 /* Msg */,
				18AC22A51B7C7EBC0017B279 /* Home */,
			);
			name = View;
			sourceTree = "<group>";
		};
		18AC22A41B7C7EB50017B279 /* Model */ = {
			isa = PBXGroup;
			children = (
				18CBDB0F1B86D70100687CAC /* Tools */,
				18CBDB0B1B86C86200687CAC /* OAuth */,
				18AC22AE1B7C7F120017B279 /* MainTab */,
				18AC22AC1B7C7EF50017B279 /* Setting */,
				18AC22AB1B7C7EEF0017B279 /* Zone */,
				18AC22AA1B7C7EE90017B279 /* Msg */,
				18AC22A91B7C7EE20017B279 /* Home */,
			);
			name = Model;
			sourceTree = "<group>";
		};
		18AC22A51B7C7EBC0017B279 /* Home */ = {
			isa = PBXGroup;
			children = (
				1858272F1B81926000700907 /* TitleButton.h */,
				185827301B81926000700907 /* TitleButton.m */,
				18AE601A1B81D3C100373E96 /* PopView.h */,
				18AE601B1B81D3C100373E96 /* PopView.m */,
				186854681B8DB59F009C9FEB /* WeiBoCell.h */,
				186854691B8DB59F009C9FEB /* WeiBoCell.m */,
				186854711B945512009C9FEB /* WeiBoTopView.h */,
				186854721B945512009C9FEB /* WeiBoTopView.m */,
				186854741B945521009C9FEB /* WeiBoToolBar.h */,
				186854751B945521009C9FEB /* WeiBoToolBar.m */,
				186854781B9456C9009C9FEB /* WeiBoRepostView.h */,
				186854791B9456C9009C9FEB /* WeiBoRepostView.m */,
				1868547B1B9456E6009C9FEB /* WeiBoOriginalView.h */,
				1868547C1B9456E6009C9FEB /* WeiBoOriginalView.m */,
			);
			name = Home;
			sourceTree = "<group>";
		};
		18AC22A61B7C7EC10017B279 /* Msg */ = {
			isa = PBXGroup;
			children = (
			);
			name = Msg;
			sourceTree = "<group>";
		};
		18AC22A71B7C7EC70017B279 /* Zone */ = {
			isa = PBXGroup;
			children = (
			);
			name = Zone;
			sourceTree = "<group>";
		};
		18AC22A81B7C7ECC0017B279 /* Setting */ = {
			isa = PBXGroup;
			children = (
			);
			name = Setting;
			sourceTree = "<group>";
		};
		18AC22A91B7C7EE20017B279 /* Home */ = {
			isa = PBXGroup;
			children = (
			);
			name = Home;
			sourceTree = "<group>";
		};
		18AC22AA1B7C7EE90017B279 /* Msg */ = {
			isa = PBXGroup;
			children = (
			);
			name = Msg;
			sourceTree = "<group>";
		};
		18AC22AB1B7C7EEF0017B279 /* Zone */ = {
			isa = PBXGroup;
			children = (
			);
			name = Zone;
			sourceTree = "<group>";
		};
		18AC22AC1B7C7EF50017B279 /* Setting */ = {
			isa = PBXGroup;
			children = (
			);
			name = Setting;
			sourceTree = "<group>";
		};
		18AC22AD1B7C7F050017B279 /* MainTab */ = {
			isa = PBXGroup;
			children = (
				18AC22B51B7C8C700017B279 /* Category */,
				18AC22B21B7C86840017B279 /* IWTabBar.h */,
				18AC22B31B7C86840017B279 /* IWTabBar.m */,
				18AC22BA1B7C96890017B279 /* IWTabBarButton.h */,
				18AC22BB1B7C96890017B279 /* IWTabBarButton.m */,
				185827261B8170CA00700907 /* IWNavBar.h */,
				185827271B8170CA00700907 /* IWNavBar.m */,
			);
			name = MainTab;
			sourceTree = "<group>";
		};
		18AC22AE1B7C7F120017B279 /* MainTab */ = {
			isa = PBXGroup;
			children = (
			);
			name = MainTab;
			sourceTree = "<group>";
		};
		18AC22B51B7C8C700017B279 /* Category */ = {
			isa = PBXGroup;
			children = (
				18AC22B61B7C8C970017B279 /* UIView+Extension.h */,
				18AC22B71B7C8C970017B279 /* UIView+Extension.m */,
				1858272C1B818DA600700907 /* UIBarButtonItem+Extension.h */,
				1858272D1B818DA600700907 /* UIBarButtonItem+Extension.m */,
				18AE60171B81CBD400373E96 /* UIImage+Extension.h */,
				18AE60181B81CBD400373E96 /* UIImage+Extension.m */,
				1868546E1B9043B7009C9FEB /* NSDate+Extension.h */,
				1868546F1B9043B7009C9FEB /* NSDate+Extension.m */,
			);
			name = Category;
			sourceTree = "<group>";
		};
		18AE609F1B8312B600373E96 /* NewFeatures */ = {
			isa = PBXGroup;
			children = (
				18AE60A01B83133A00373E96 /* NewFeaturesVC.h */,
				18AE60A11B83133A00373E96 /* NewFeaturesVC.m */,
			);
			name = NewFeatures;
			sourceTree = "<group>";
		};
		18CBDADD1B847A5100687CAC /* OAuth */ = {
			isa = PBXGroup;
			children = (
				18CBDADA1B847A4A00687CAC /* OAuthVC.h */,
				18CBDADB1B847A4A00687CAC /* OAuthVC.m */,
			);
			name = OAuth;
			sourceTree = "<group>";
		};
		18CBDAE21B847F9F00687CAC /* Lib */ = {
			isa = PBXGroup;
			children = (
				18CBDB131B8705AA00687CAC /* Log */,
				18CBDAE31B84807900687CAC /* MBProgressHUD */,
			);
			name = Lib;
			sourceTree = "<group>";
		};
		18CBDAE31B84807900687CAC /* MBProgressHUD */ = {
			isa = PBXGroup;
			children = (
				18CBDAE41B84807900687CAC /* MBProgressHUD+NJ.h */,
				18CBDAE51B84807900687CAC /* MBProgressHUD+NJ.m */,
				18CBDAE61B84807900687CAC /* MBProgressHUD.bundle */,
				18CBDAE71B84807900687CAC /* MBProgressHUD.h */,
				18CBDAE81B84807900687CAC /* MBProgressHUD.m */,
			);
			path = MBProgressHUD;
			sourceTree = "<group>";
		};
		18CBDB0B1B86C86200687CAC /* OAuth */ = {
			isa = PBXGroup;
			children = (
				18CBDB0C1B86C87B00687CAC /* OAuthData.h */,
				18CBDB0D1B86C87B00687CAC /* OAuthData.m */,
				18CBDB181B8AAF0400687CAC /* WeiBoData.h */,
				18CBDB191B8AAF0400687CAC /* WeiBoData.m */,
				18CBDB1B1B8AF92900687CAC /* user.h */,
				18CBDB1C1B8AF92900687CAC /* user.m */,
				186854651B8C1114009C9FEB /* WeiBoImg.h */,
				186854661B8C1114009C9FEB /* WeiBoImg.m */,
				1868546B1B8DBA03009C9FEB /* WeiBoFrame.h */,
				1868546C1B8DBA03009C9FEB /* WeiBoFrame.m */,
			);
			name = OAuth;
			sourceTree = "<group>";
		};
		18CBDB0F1B86D70100687CAC /* Tools */ = {
			isa = PBXGroup;
			children = (
				18CBDB101B86D70C00687CAC /* Tools.h */,
				18CBDB111B86D70C00687CAC /* Tools.m */,
			);
			name = Tools;
			sourceTree = "<group>";
		};
		18CBDB131B8705AA00687CAC /* Log */ = {
			isa = PBXGroup;
			children = (
				18CBDB141B8705AA00687CAC /* NSArray+Log.h */,
				18CBDB151B8705AA00687CAC /* NSArray+Log.m */,
			);
			path = Log;
			sourceTree = "<group>";
		};
		921A18E446A8FC2644A84727 /* Frameworks */ = {
			isa = PBXGroup;
			children = (
				18CBDB091B848A4D00687CAC /* Security.framework */,
				D237DBE1BE8425A4CE22220D /* libPods.a */,
			);
			name = Frameworks;
			sourceTree = "<group>";
		};
/* End PBXGroup section */

/* Begin PBXNativeTarget section */
		18AC21F81B7B2CC70017B279 /* 新浪微博 */ = {
			isa = PBXNativeTarget;
			buildConfigurationList = 18AC221C1B7B2CC70017B279 /* Build configuration list for PBXNativeTarget "新浪微博" */;
			buildPhases = (
				989AD489DB3E9023E97A339C /* Check Pods Manifest.lock */,
				18AC21F51B7B2CC70017B279 /* Sources */,
				18AC21F61B7B2CC70017B279 /* Frameworks */,
				18AC21F71B7B2CC70017B279 /* Resources */,
				F09EF5464755F45CC7EF9BC8 /* Copy Pods Resources */,
			);
			buildRules = (
			);
			dependencies = (
			);
			name = "新浪微博";
			productName = "新浪微博";
			productReference = 18AC21F91B7B2CC70017B279 /* 新浪微博.app */;
			productType = "com.apple.product-type.application";
		};
		18AC22111B7B2CC70017B279 /* 新浪微博Tests */ = {
			isa = PBXNativeTarget;
			buildConfigurationList = 18AC221F1B7B2CC70017B279 /* Build configuration list for PBXNativeTarget "新浪微博Tests" */;
			buildPhases = (
				18AC220E1B7B2CC70017B279 /* Sources */,
				18AC220F1B7B2CC70017B279 /* Frameworks */,
				18AC22101B7B2CC70017B279 /* Resources */,
			);
			buildRules = (
			);
			dependencies = (
				18AC22141B7B2CC70017B279 /* PBXTargetDependency */,
			);
			name = "新浪微博Tests";
			productName = "新浪微博Tests";
			productReference = 18AC22121B7B2CC70017B279 /* 新浪微博Tests.xctest */;
			productType = "com.apple.product-type.bundle.unit-test";
		};
/* End PBXNativeTarget section */

/* Begin PBXProject section */
		18AC21F11B7B2CC70017B279 /* Project object */ = {
			isa = PBXProject;
			attributes = {
				LastUpgradeCheck = 0640;
				ORGANIZATIONNAME = spoot;
				TargetAttributes = {
					18AC21F81B7B2CC70017B279 = {
						CreatedOnToolsVersion = 6.4;
					};
					18AC22111B7B2CC70017B279 = {
						CreatedOnToolsVersion = 6.4;
						TestTargetID = 18AC21F81B7B2CC70017B279;
					};
				};
			};
			buildConfigurationList = 18AC21F41B7B2CC70017B279 /* Build configuration list for PBXProject "新浪微博" */;
			compatibilityVersion = "Xcode 3.2";
			developmentRegion = English;
			hasScannedForEncodings = 0;
			knownRegions = (
				en,
				Base,
			);
			mainGroup = 18AC21F01B7B2CC70017B279;
			productRefGroup = 18AC21FA1B7B2CC70017B279 /* Products */;
			projectDirPath = "";
			projectRoot = "";
			targets = (
				18AC21F81B7B2CC70017B279 /* 新浪微博 */,
				18AC22111B7B2CC70017B279 /* 新浪微博Tests */,
			);
		};
/* End PBXProject section */

/* Begin PBXResourcesBuildPhase section */
		18AC21F71B7B2CC70017B279 /* Resources */ = {
			isa = PBXResourcesBuildPhase;
			buildActionMask = 2147483647;
			files = (
				18AC220D1B7B2CC70017B279 /* LaunchScreen.xib in Resources */,
				18AC220A1B7B2CC70017B279 /* Images.xcassets in Resources */,
				18CBDAEA1B84807900687CAC /* MBProgressHUD.bundle in Resources */,
			);
			runOnlyForDeploymentPostprocessing = 0;
		};
		18AC22101B7B2CC70017B279 /* Resources */ = {
			isa = PBXResourcesBuildPhase;
			buildActionMask = 2147483647;
			files = (
			);
			runOnlyForDeploymentPostprocessing = 0;
		};
/* End PBXResourcesBuildPhase section */

/* Begin PBXShellScriptBuildPhase section */
		989AD489DB3E9023E97A339C /* Check Pods Manifest.lock */ = {
			isa = PBXShellScriptBuildPhase;
			buildActionMask = 2147483647;
			files = (
			);
			inputPaths = (
			);
			name = "Check Pods Manifest.lock";
			outputPaths = (
			);
			runOnlyForDeploymentPostprocessing = 0;
			shellPath = /bin/sh;
			shellScript = "diff \"${PODS_ROOT}/../Podfile.lock\" \"${PODS_ROOT}/Manifest.lock\" > /dev/null\nif [[ $? != 0 ]] ; then\n    cat << EOM\nerror: The sandbox is not in sync with the Podfile.lock. Run 'pod install' or update your CocoaPods installation.\nEOM\n    exit 1\nfi\n";
			showEnvVarsInLog = 0;
		};
		F09EF5464755F45CC7EF9BC8 /* Copy Pods Resources */ = {
			isa = PBXShellScriptBuildPhase;
			buildActionMask = 2147483647;
			files = (
			);
			inputPaths = (
			);
			name = "Copy Pods Resources";
			outputPaths = (
			);
			runOnlyForDeploymentPostprocessing = 0;
			shellPath = /bin/sh;
			shellScript = "\"${SRCROOT}/Pods/Target Support Files/Pods/Pods-resources.sh\"\n";
			showEnvVarsInLog = 0;
		};
/* End PBXShellScriptBuildPhase section */

/* Begin PBXSourcesBuildPhase section */
		18AC21F51B7B2CC70017B279 /* Sources */ = {
			isa = PBXSourcesBuildPhase;
			buildActionMask = 2147483647;
			files = (
				186854701B9043B7009C9FEB /* NSDate+Extension.m in Sources */,
				18CBDB121B86D70C00687CAC /* Tools.m in Sources */,
				18AC22B81B7C8C970017B279 /* UIView+Extension.m in Sources */,
				18AE60191B81CBD400373E96 /* UIImage+Extension.m in Sources */,
				18AC22B41B7C86840017B279 /* IWTabBar.m in Sources */,
				18AC228D1B7C483D0017B279 /* MainTabbarControl.m in Sources */,
				18AC22BC1B7C96890017B279 /* IWTabBarButton.m in Sources */,
				18CBDB1A1B8AAF0400687CAC /* WeiBoData.m in Sources */,
				186854671B8C1114009C9FEB /* WeiBoImg.m in Sources */,
				18AC22971B7C7D110017B279 /* ZoneTableViewController.m in Sources */,
				18AC22941B7C7CEE0017B279 /* MsgTableViewController.m in Sources */,
				18CBDAEB1B84807900687CAC /* MBProgressHUD.m in Sources */,
				18CBDAE91B84807900687CAC /* MBProgressHUD+NJ.m in Sources */,
				18CBDADC1B847A4A00687CAC /* OAuthVC.m in Sources */,
				18AC229D1B7C7D480017B279 /* HomeTableViewController.m in Sources */,
				185827311B81926000700907 /* TitleButton.m in Sources */,
				18AE601C1B81D3C100373E96 /* PopView.m in Sources */,
				186854731B945512009C9FEB /* WeiBoTopView.m in Sources */,
				18CBDB0E1B86C87B00687CAC /* OAuthData.m in Sources */,
				18CBDB1D1B8AF92900687CAC /* user.m in Sources */,
				1868547D1B9456E6009C9FEB /* WeiBoOriginalView.m in Sources */,
				18AC22021B7B2CC70017B279 /* AppDelegate.m in Sources */,
				1868546D1B8DBA03009C9FEB /* WeiBoFrame.m in Sources */,
				186854761B945521009C9FEB /* WeiBoToolBar.m in Sources */,
				1868547A1B9456C9009C9FEB /* WeiBoRepostView.m in Sources */,
				18AC229A1B7C7D1C0017B279 /* SettingTableViewController.m in Sources */,
				18CBDB161B8705AA00687CAC /* NSArray+Log.m in Sources */,
				18AE60A21B83133A00373E96 /* NewFeaturesVC.m in Sources */,
				1858272E1B818DA600700907 /* UIBarButtonItem+Extension.m in Sources */,
				185827281B8170CA00700907 /* IWNavBar.m in Sources */,
				1868546A1B8DB59F009C9FEB /* WeiBoCell.m in Sources */,
				18AC21FF1B7B2CC70017B279 /* main.m in Sources */,
			);
			runOnlyForDeploymentPostprocessing = 0;
		};
		18AC220E1B7B2CC70017B279 /* Sources */ = {
			isa = PBXSourcesBuildPhase;
			buildActionMask = 2147483647;
			files = (
				18AC22191B7B2CC70017B279 /* ____Tests.m in Sources */,
			);
			runOnlyForDeploymentPostprocessing = 0;
		};
/* End PBXSourcesBuildPhase section */

/* Begin PBXTargetDependency section */
		18AC22141B7B2CC70017B279 /* PBXTargetDependency */ = {
			isa = PBXTargetDependency;
			target = 18AC21F81B7B2CC70017B279 /* 新浪微博 */;
			targetProxy = 18AC22131B7B2CC70017B279 /* PBXContainerItemProxy */;
		};
/* End PBXTargetDependency section */

/* Begin PBXVariantGroup section */
		18AC220B1B7B2CC70017B279 /* LaunchScreen.xib */ = {
			isa = PBXVariantGroup;
			children = (
				18AC220C1B7B2CC70017B279 /* Base */,
			);
			name = LaunchScreen.xib;
			sourceTree = "<group>";
		};
/* End PBXVariantGroup section */

/* Begin XCBuildConfiguration section */
		18AC221A1B7B2CC70017B279 /* Debug */ = {
			isa = XCBuildConfiguration;
			buildSettings = {
				ALWAYS_SEARCH_USER_PATHS = NO;
				CLANG_CXX_LANGUAGE_STANDARD = "gnu++0x";
				CLANG_CXX_LIBRARY = "libc++";
				CLANG_ENABLE_MODULES = YES;
				CLANG_ENABLE_OBJC_ARC = YES;
				CLANG_WARN_BOOL_CONVERSION = YES;
				CLANG_WARN_CONSTANT_CONVERSION = YES;
				CLANG_WARN_DIRECT_OBJC_ISA_USAGE = YES_ERROR;
				CLANG_WARN_EMPTY_BODY = YES;
				CLANG_WARN_ENUM_CONVERSION = YES;
				CLANG_WARN_INT_CONVERSION = YES;
				CLANG_WARN_OBJC_ROOT_CLASS = YES_ERROR;
				CLANG_WARN_UNREACHABLE_CODE = YES;
				CLANG_WARN__DUPLICATE_METHOD_MATCH = YES;
				"CODE_SIGN_IDENTITY[sdk=iphoneos*]" = "iPhone Developer";
				COPY_PHASE_STRIP = NO;
				DEBUG_INFORMATION_FORMAT = "dwarf-with-dsym";
				ENABLE_STRICT_OBJC_MSGSEND = YES;
				GCC_C_LANGUAGE_STANDARD = gnu99;
				GCC_DYNAMIC_NO_PIC = NO;
				GCC_NO_COMMON_BLOCKS = YES;
				GCC_OPTIMIZATION_LEVEL = 0;
				GCC_PREPROCESSOR_DEFINITIONS = (
					"DEBUG=1",
					"$(inherited)",
				);
				GCC_SYMBOLS_PRIVATE_EXTERN = NO;
				GCC_WARN_64_TO_32_BIT_CONVERSION = YES;
				GCC_WARN_ABOUT_RETURN_TYPE = YES_ERROR;
				GCC_WARN_UNDECLARED_SELECTOR = YES;
				GCC_WARN_UNINITIALIZED_AUTOS = YES_AGGRESSIVE;
				GCC_WARN_UNUSED_FUNCTION = YES;
				GCC_WARN_UNUSED_VARIABLE = YES;
				IPHONEOS_DEPLOYMENT_TARGET = 8.4;
				MTL_ENABLE_DEBUG_INFO = YES;
				ONLY_ACTIVE_ARCH = YES;
				SDKROOT = iphoneos;
				VALID_ARCHS = "arm64 armv7 armv7s";
			};
			name = Debug;
		};
		18AC221B1B7B2CC70017B279 /* Release */ = {
			isa = XCBuildConfiguration;
			buildSettings = {
				ALWAYS_SEARCH_USER_PATHS = NO;
				CLANG_CXX_LANGUAGE_STANDARD = "gnu++0x";
				CLANG_CXX_LIBRARY = "libc++";
				CLANG_ENABLE_MODULES = YES;
				CLANG_ENABLE_OBJC_ARC = YES;
				CLANG_WARN_BOOL_CONVERSION = YES;
				CLANG_WARN_CONSTANT_CONVERSION = YES;
				CLANG_WARN_DIRECT_OBJC_ISA_USAGE = YES_ERROR;
				CLANG_WARN_EMPTY_BODY = YES;
				CLANG_WARN_ENUM_CONVERSION = YES;
				CLANG_WARN_INT_CONVERSION = YES;
				CLANG_WARN_OBJC_ROOT_CLASS = YES_ERROR;
				CLANG_WARN_UNREACHABLE_CODE = YES;
				CLANG_WARN__DUPLICATE_METHOD_MATCH = YES;
				"CODE_SIGN_IDENTITY[sdk=iphoneos*]" = "iPhone Developer";
				COPY_PHASE_STRIP = NO;
				DEBUG_INFORMATION_FORMAT = "dwarf-with-dsym";
				ENABLE_NS_ASSERTIONS = NO;
				ENABLE_STRICT_OBJC_MSGSEND = YES;
				GCC_C_LANGUAGE_STANDARD = gnu99;
				GCC_NO_COMMON_BLOCKS = YES;
				GCC_WARN_64_TO_32_BIT_CONVERSION = YES;
				GCC_WARN_ABOUT_RETURN_TYPE = YES_ERROR;
				GCC_WARN_UNDECLARED_SELECTOR = YES;
				GCC_WARN_UNINITIALIZED_AUTOS = YES_AGGRESSIVE;
				GCC_WARN_UNUSED_FUNCTION = YES;
				GCC_WARN_UNUSED_VARIABLE = YES;
				IPHONEOS_DEPLOYMENT_TARGET = 8.4;
				MTL_ENABLE_DEBUG_INFO = NO;
				SDKROOT = iphoneos;
				VALIDATE_PRODUCT = YES;
				VALID_ARCHS = "arm64 armv7 armv7s";
			};
			name = Release;
		};
		18AC221D1B7B2CC70017B279 /* Debug */ = {
			isa = XCBuildConfiguration;
			baseConfigurationReference = 30D2727C3A725AB282A44292 /* Pods.debug.xcconfig */;
			buildSettings = {
				ASSETCATALOG_COMPILER_APPICON_NAME = AppIcon;
				ASSETCATALOG_COMPILER_LAUNCHIMAGE_NAME = LaunchImage;
				GCC_PRECOMPILE_PREFIX_HEADER = NO;
				GCC_PREFIX_HEADER = "$(SRCROOT)/新浪微博/Prefix.pch";
				INFOPLIST_FILE = "新浪微博/Info.plist";
				LD_RUNPATH_SEARCH_PATHS = "$(inherited) @executable_path/Frameworks";
				PRODUCT_NAME = "$(TARGET_NAME)";
			};
			name = Debug;
		};
		18AC221E1B7B2CC70017B279 /* Release */ = {
			isa = XCBuildConfiguration;
			baseConfigurationReference = 7027FE3C8831843BBA8E2BC8 /* Pods.release.xcconfig */;
			buildSettings = {
				ASSETCATALOG_COMPILER_APPICON_NAME = AppIcon;
				ASSETCATALOG_COMPILER_LAUNCHIMAGE_NAME = LaunchImage;
				GCC_PRECOMPILE_PREFIX_HEADER = NO;
				GCC_PREFIX_HEADER = "$(SRCROOT)/新浪微博/Prefix.pch";
				INFOPLIST_FILE = "新浪微博/Info.plist";
				LD_RUNPATH_SEARCH_PATHS = "$(inherited) @executable_path/Frameworks";
				PRODUCT_NAME = "$(TARGET_NAME)";
			};
			name = Release;
		};
		18AC22201B7B2CC70017B279 /* Debug */ = {
			isa = XCBuildConfiguration;
			buildSettings = {
				BUNDLE_LOADER = "$(TEST_HOST)";
				FRAMEWORK_SEARCH_PATHS = (
					"$(SDKROOT)/Developer/Library/Frameworks",
					"$(inherited)",
				);
				GCC_PREPROCESSOR_DEFINITIONS = (
					"DEBUG=1",
					"$(inherited)",
				);
				INFOPLIST_FILE = "新浪微博Tests/Info.plist";
				LD_RUNPATH_SEARCH_PATHS = "$(inherited) @executable_path/Frameworks @loader_path/Frameworks";
				PRODUCT_NAME = "$(TARGET_NAME)";
				TEST_HOST = "$(BUILT_PRODUCTS_DIR)/新浪微博.app/新浪微博";
			};
			name = Debug;
		};
		18AC22211B7B2CC70017B279 /* Release */ = {
			isa = XCBuildConfiguration;
			buildSettings = {
				BUNDLE_LOADER = "$(TEST_HOST)";
				FRAMEWORK_SEARCH_PATHS = (
					"$(SDKROOT)/Developer/Library/Frameworks",
					"$(inherited)",
				);
				INFOPLIST_FILE = "新浪微博Tests/Info.plist";
				LD_RUNPATH_SEARCH_PATHS = "$(inherited) @executable_path/Frameworks @loader_path/Frameworks";
				PRODUCT_NAME = "$(TARGET_NAME)";
				TEST_HOST = "$(BUILT_PRODUCTS_DIR)/新浪微博.app/新浪微博";
			};
			name = Release;
		};
/* End XCBuildConfiguration section */

/* Begin XCConfigurationList section */
		18AC21F41B7B2CC70017B279 /* Build configuration list for PBXProject "新浪微博" */ = {
			isa = XCConfigurationList;
			buildConfigurations = (
				18AC221A1B7B2CC70017B279 /* Debug */,
				18AC221B1B7B2CC70017B279 /* Release */,
			);
			defaultConfigurationIsVisible = 0;
			defaultConfigurationName = Release;
		};
		18AC221C1B7B2CC70017B279 /* Build configuration list for PBXNativeTarget "新浪微博" */ = {
			isa = XCConfigurationList;
			buildConfigurations = (
				18AC221D1B7B2CC70017B279 /* Debug */,
				18AC221E1B7B2CC70017B279 /* Release */,
			);
			defaultConfigurationIsVisible = 0;
			defaultConfigurationName = Release;
		};
		18AC221F1B7B2CC70017B279 /* Build configuration list for PBXNativeTarget "新浪微博Tests" */ = {
			isa = XCConfigurationList;
			buildConfigurations = (
				18AC22201B7B2CC70017B279 /* Debug */,
				18AC22211B7B2CC70017B279 /* Release */,
			);
			defaultConfigurationIsVisible = 0;
			defaultConfigurationName = Release;
		};
/* End XCConfigurationList section */
	};
	rootObject = 18AC21F11B7B2CC70017B279 /* Project object */;
}
